# THIS IS AN AUTOGENERATED FILE. DO NOT EDIT THIS FILE DIRECTLY.
# yarn lockfile v1


"@types/echarts@^4.6.3":
  version "4.6.3"
  resolved "https://registry.npmjs.org/@types/echarts/-/echarts-4.6.3.tgz#227b33b106203ceb2ca4fa51760f406618caa89a"
  integrity sha512-XsDsLtPDxSGPqcHvVEbH+z5r9lPiduNOf4aL3NjGprQ/4SliDiTS7DErimHpVdiEOoVFzwjn2usvgLOb1JqOJA==
  dependencies:
    "@types/zrender" "*"

"@types/zrender@*":
  version "4.0.0"
  resolved "https://registry.npmjs.org/@types/zrender/-/zrender-4.0.0.tgz#a6806f12ec4eccaaebd9b0d816f049aca6188fbd"
  integrity sha512-s89GOIeKFiod2KSqHkfd2rzx+T2DVu7ihZCBEBnhFrzvQPUmzvDSBot9Fi1DfMQm9Odg+rTqoMGC38RvrwJK2w==

echarts@^4.8.0:
  version "4.8.0"
  resolved "https://registry.npmjs.org/echarts/-/echarts-4.8.0.tgz#b2c1cfb9229b13d368ee104fc8eea600b574d4c4"
  integrity sha512-YwShpug8fWngj/RlgxDaYrLBoD+LsZUArrusjNPHpAF+is+gGe38xx4W848AwWMGoi745t3OXM52JedNrv+F6g==
  dependencies:
    zrender "4.3.1"

zrender@4.3.1:
  version "4.3.1"
  resolved "https://registry.npmjs.org/zrender/-/zrender-4.3.1.tgz#baf8aa6dc8187a2f819692d7d5f9bedfa2b90fa3"
  integrity sha512-CeH2TpJeCdG0TAGYoPSAcFX2ogdug1K7LIn9UO/q9HWqQ54gWhrMAlDP9AwWYMUDhrPe4VeazQ4DW3msD96nUQ==
